
Microsoft Visual Studio Solution File, Format Version 12.00
# Visual Studio 14
VisualStudioVersion = 14.0.24720.0
MinimumVisualStudioVersion = 10.0.40219.1
Project("{FAE04EC0-301F-11D3-BF4B-00C04F79EFBC}") = "CSharpTask", "CSharpTask\CSharpTask.csproj", "{874DE0E7-2E6B-40FB-8121-8FB297C8CB49}"
EndProject
Project("{FAE04EC0-301F-11D3-BF4B-00C04F79EFBC}") = "CALock", "CALock\CALock.csproj", "{A54D4243-DD62-44A8-9066-E6BE39F9F989}"
EndProject
Project("{FAE04EC0-301F-11D3-BF4B-00C04F79EFBC}") = "CAString", "CAString\CAString.csproj", "{A9C602CC-21D9-46E4-AB34-D49D573FC4A7}"
EndProject
Project("{FAE04EC0-301F-11D3-BF4B-00C04F79EFBC}") = "CAProcess.Start", "CAProcess.Start\CAProcess.Start.csproj", "{C876D18F-A507-4835-A57A-09D95CD2511E}"
EndProject
Project("{FAE04EC0-301F-11D3-BF4B-00C04F79EFBC}") = "CAComputeValue", "CAComputeValue\CAComputeValue.csproj", "{0916BFEB-347F-4EF3-A251-E4BC83E485CC}"
EndProject
Project("{FAE04EC0-301F-11D3-BF4B-00C04F79EFBC}") = "WAVirtualScreen", "WAVirtualScreen\WAVirtualScreen.csproj", "{132D33D5-1CA1-47D3-B277-4FE42A0392FB}"
EndProject
Project("{FAE04EC0-301F-11D3-BF4B-00C04F79EFBC}") = "CAMarshal", "CAMarshal\CAMarshal.csproj", "{EDBBB6C0-68D4-43B2-B9B5-DE72263FF8D5}"
EndProject
Global
	GlobalSection(SolutionConfigurationPlatforms) = preSolution
		Debug|Any CPU = Debug|Any CPU
		Release|Any CPU = Release|Any CPU
	EndGlobalSection
	GlobalSection(ProjectConfigurationPlatforms) = postSolution
		{874DE0E7-2E6B-40FB-8121-8FB297C8CB49}.Debug|Any CPU.ActiveCfg = Debug|Any CPU
		{874DE0E7-2E6B-40FB-8121-8FB297C8CB49}.Debug|Any CPU.Build.0 = Debug|Any CPU
		{874DE0E7-2E6B-40FB-8121-8FB297C8CB49}.Release|Any CPU.ActiveCfg = Release|Any CPU
		{874DE0E7-2E6B-40FB-8121-8FB297C8CB49}.Release|Any CPU.Build.0 = Release|Any CPU
		{A54D4243-DD62-44A8-9066-E6BE39F9F989}.Debug|Any CPU.ActiveCfg = Debug|Any CPU
		{A54D4243-DD62-44A8-9066-E6BE39F9F989}.Debug|Any CPU.Build.0 = Debug|Any CPU
		{A54D4243-DD62-44A8-9066-E6BE39F9F989}.Release|Any CPU.ActiveCfg = Release|Any CPU
		{A54D4243-DD62-44A8-9066-E6BE39F9F989}.Release|Any CPU.Build.0 = Release|Any CPU
		{A9C602CC-21D9-46E4-AB34-D49D573FC4A7}.Debug|Any CPU.ActiveCfg = Debug|Any CPU
		{A9C602CC-21D9-46E4-AB34-D49D573FC4A7}.Debug|Any CPU.Build.0 = Debug|Any CPU
		{A9C602CC-21D9-46E4-AB34-D49D573FC4A7}.Release|Any CPU.ActiveCfg = Release|Any CPU
		{A9C602CC-21D9-46E4-AB34-D49D573FC4A7}.Release|Any CPU.Build.0 = Release|Any CPU
		{C876D18F-A507-4835-A57A-09D95CD2511E}.Debug|Any CPU.ActiveCfg = Debug|Any CPU
		{C876D18F-A507-4835-A57A-09D95CD2511E}.Debug|Any CPU.Build.0 = Debug|Any CPU
		{C876D18F-A507-4835-A57A-09D95CD2511E}.Release|Any CPU.ActiveCfg = Release|Any CPU
		{C876D18F-A507-4835-A57A-09D95CD2511E}.Release|Any CPU.Build.0 = Release|Any CPU
		{0916BFEB-347F-4EF3-A251-E4BC83E485CC}.Debug|Any CPU.ActiveCfg = Debug|Any CPU
		{0916BFEB-347F-4EF3-A251-E4BC83E485CC}.Debug|Any CPU.Build.0 = Debug|Any CPU
		{0916BFEB-347F-4EF3-A251-E4BC83E485CC}.Release|Any CPU.ActiveCfg = Release|Any CPU
		{0916BFEB-347F-4EF3-A251-E4BC83E485CC}.Release|Any CPU.Build.0 = Release|Any CPU
		{132D33D5-1CA1-47D3-B277-4FE42A0392FB}.Debug|Any CPU.ActiveCfg = Debug|Any CPU
		{132D33D5-1CA1-47D3-B277-4FE42A0392FB}.Debug|Any CPU.Build.0 = Debug|Any CPU
		{132D33D5-1CA1-47D3-B277-4FE42A0392FB}.Release|Any CPU.ActiveCfg = Release|Any CPU
		{132D33D5-1CA1-47D3-B277-4FE42A0392FB}.Release|Any CPU.Build.0 = Release|Any CPU
		{EDBBB6C0-68D4-43B2-B9B5-DE72263FF8D5}.Debug|Any CPU.ActiveCfg = Debug|Any CPU
		{EDBBB6C0-68D4-43B2-B9B5-DE72263FF8D5}.Debug|Any CPU.Build.0 = Debug|Any CPU
		{EDBBB6C0-68D4-43B2-B9B5-DE72263FF8D5}.Release|Any CPU.ActiveCfg = Release|Any CPU
		{EDBBB6C0-68D4-43B2-B9B5-DE72263FF8D5}.Release|Any CPU.Build.0 = Release|Any CPU
	EndGlobalSection
	GlobalSection(SolutionProperties) = preSolution
		HideSolutionNode = FALSE
	EndGlobalSection
EndGlobal
